
Microsoft Visual Studio Solution File, Format Version 12.00
Project("{FAE04EC0-301F-11D3-BF4B-00C04F79EFBC}") = "WebshopFrontend", "WebshopFrontend\WebshopFrontend.csproj", "{8A571F5C-E4B1-49CC-8099-EC16A00A5CB1}"
EndProject
Project("{FAE04EC0-301F-11D3-BF4B-00C04F79EFBC}") = "WebshopService", "WebshopService\WebshopService.csproj", "{2591A0AE-D8EB-4D80-8EFA-865A8FACBBF1}"
EndProject
Global
	GlobalSection(SolutionConfigurationPlatforms) = preSolution
		Debug|Any CPU = Debug|Any CPU
		Release|Any CPU = Release|Any CPU
	EndGlobalSection
	GlobalSection(ProjectConfigurationPlatforms) = postSolution
		{8A571F5C-E4B1-49CC-8099-EC16A00A5CB1}.Debug|Any CPU.ActiveCfg = Debug|Any CPU
		{8A571F5C-E4B1-49CC-8099-EC16A00A5CB1}.Debug|Any CPU.Build.0 = Debug|Any CPU
		{8A571F5C-E4B1-49CC-8099-EC16A00A5CB1}.Release|Any CPU.ActiveCfg = Release|Any CPU
		{8A571F5C-E4B1-49CC-8099-EC16A00A5CB1}.Release|Any CPU.Build.0 = Release|Any CPU
		{2591A0AE-D8EB-4D80-8EFA-865A8FACBBF1}.Debug|Any CPU.ActiveCfg = Debug|Any CPU
		{2591A0AE-D8EB-4D80-8EFA-865A8FACBBF1}.Debug|Any CPU.Build.0 = Debug|Any CPU
		{2591A0AE-D8EB-4D80-8EFA-865A8FACBBF1}.Release|Any CPU.ActiveCfg = Release|Any CPU
		{2591A0AE-D8EB-4D80-8EFA-865A8FACBBF1}.Release|Any CPU.Build.0 = Release|Any CPU
	EndGlobalSection
EndGlobal
